PODS:
  - Alamofire (3.5.0)
  - Bolts (1.8.4):
    - Bolts/AppLinks (= 1.8.4)
    - Bolts/Tasks (= 1.8.4)
  - Bolts/AppLinks (1.8.4):
    - Bolts/Tasks
  - Bolts/Tasks (1.8.4)
  - Crashlytics (3.8.2):
    - Fabric (~> 1.6.3)
  - Fabric (1.6.8)
  - FBSDKCoreKit (4.15.1):
    - Bolts (~> 1.7)
  - FBSDKLoginKit (4.15.1):
    - FBSDKCoreKit
  - FirebaseAnalytics (3.4.2):
    - FirebaseInstanceID (~> 1.0)
    - GoogleInterchangeUtilities (~> 1.2)
    - GoogleSymbolUtilities (~> 1.1)
    - GoogleUtilities (~> 1.2)
  - FirebaseInstanceID (1.0.8)
  - Google/Analytics (3.0.3):
    - Google/Core
    - GoogleAnalytics (~> 3.12)
  - Google/Core (3.0.3):
    - FirebaseAnalytics (~> 3.2)
  - GoogleAnalytics (3.17.0)
  - GoogleInterchangeUtilities (1.2.1):
    - GoogleSymbolUtilities (~> 1.0)
  - GoogleMaps (2.1.0):
    - GoogleMaps/Maps (= 2.1.0)
  - GoogleMaps/Base (2.1.0)
  - GoogleMaps/Maps (2.1.0):
    - GoogleMaps/Base (= 2.1.0)
  - GoogleSymbolUtilities (1.1.1)
  - GoogleUtilities (1.3.1):
    - GoogleSymbolUtilities (~> 1.0)
  - KeychainAccess (2.4.0)
  - MDCSwipeToChoose (0.2.3)
  - ObjectMapper (1.4.0)
  - R.swift (2.5.0):
    - R.swift.Library (~> 2.3.0)
  - R.swift.Library (2.3.0)
  - SDWebImage (3.8.2):
    - SDWebImage/Core (= 3.8.2)
  - SDWebImage/Core (3.8.2)
  - SnapKit (0.22.0)
  - SwiftyJSON (2.4.0)

DEPENDENCIES:
  - Alamofire (~> 3.5.0)
  - Crashlytics
  - Fabric
  - FBSDKLoginKit
  - Google/Analytics
  - GoogleMaps
  - KeychainAccess (~> 2.4.0)
  - MDCSwipeToChoose
  - ObjectMapper (~> 1.4.0)
  - R.swift (~> 2)
  - SDWebImage
  - SnapKit (~> 0.22.0)
  - SwiftyJSON (~> 2)

SPEC CHECKSUMS:
  Alamofire: b70a7352335f8ea5babd0a923eb7e8eacc67b877
  Bolts: 8a7995239dbe724f9cba2248b766d48b7ebdd322
  Crashlytics: 27acca95a01b042a8294291dd6dff27f8f6af6d7
  Fabric: 5755268d0171435ab167e3d0878a28a777deaf10
  FBSDKCoreKit: fc7fa53d16b095ee3fd53f0cd59f1df8bcbb634d
  FBSDKLoginKit: 073f79b3b2e762fc6f54a283fe15f45372d59f5f
  FirebaseAnalytics: 3f5358d9104adf159cc8d99b7b501e50099a39ad
  FirebaseInstanceID: ba1e640935235e5fac39dfa816fe7660e72e1a8a
  Google: 813c467362eabc11385f5a5cc9ad0cb651a58f4e
  GoogleAnalytics: f42cc53a87a51fe94334821868d9c8481ff47a7b
  GoogleInterchangeUtilities: def8415a862effc67d549d5b5b0b9c7a2f97d4de
  GoogleMaps: 06589b9a38097bce0cd6e90f0fd9b5e4b4a9344c
  GoogleSymbolUtilities: 33117db1b5f290c6fbf259585e4885b4c84b98d7
  GoogleUtilities: 56c5ac05b7aa5dc417a1bb85221a9516e04d7032
  KeychainAccess: c2a71459af5bddf720a51806046a598500976c04
  MDCSwipeToChoose: 56239d98b4558c66e7c3c9069482befd26092270
  ObjectMapper: a07ad0462c5adf014adc0f89ef04c29b626e855e
  R.swift: 01b9966e8dbe587a11ca2f65a1834dac2fa7b247
  R.swift.Library: 75df6abfd22492c852136c4d7b6a9ca21664772a
  SDWebImage: 098e97e6176540799c27e804c96653ee0833d13c
  SnapKit: 0dd2fd157330f1ea11fd84da13e6be8a7a22bae0
  SwiftyJSON: 96918c1bf505efa50c4f72957018dd3452090c9c

PODFILE CHECKSUM: 88724d83c9152b817f0114a707790a21bc02b83a

COCOAPODS: 1.0.1
