// !$*UTF8*$!
{
	archiveVersion = 1;
	classes = {
	};
	objectVersion = 46;
	objects = {

/* Begin PBXBuildFile section */
		D27BB9D21B36F4A900F8D902 /* AppDelegate.swift in Sources */ = {isa = PBXBuildFile; fileRef = D27BB9D11B36F4A900F8D902 /* AppDelegate.swift */; };
		D27BB9D41B36F4A900F8D902 /* ViewController.swift in Sources */ = {isa = PBXBuildFile; fileRef = D27BB9D31B36F4A900F8D902 /* ViewController.swift */; };
		D27BB9D91B36F4A900F8D902 /* Images.xcassets in Resources */ = {isa = PBXBuildFile; fileRef = D27BB9D81B36F4A900F8D902 /* Images.xcassets */; };
		D27BB9E81B36F4A900F8D902 /* KarutaTests.swift in Sources */ = {isa = PBXBuildFile; fileRef = D27BB9E71B36F4A900F8D902 /* KarutaTests.swift */; };
/* End PBXBuildFile section */

/* Begin PBXContainerItemProxy section */
		D27BB9E21B36F4A900F8D902 /* PBXContainerItemProxy */ = {
			isa = PBXContainerItemProxy;
			containerPortal = D27BB9C41B36F4A900F8D902 /* Project object */;
			proxyType = 1;
			remoteGlobalIDString = D27BB9CB1B36F4A900F8D902;
			remoteInfo = Karuta;
		};
/* End PBXContainerItemProxy section */

/* Begin PBXFileReference section */
		D27BB9CC1B36F4A900F8D902 /* Karuta.app */ = {isa = PBXFileReference; explicitFileType = wrapper.application; includeInIndex = 0; path = Karuta.app; sourceTree = BUILT_PRODUCTS_DIR; };
		D27BB9D01B36F4A900F8D902 /* Info.plist */ = {isa = PBXFileReference; lastKnownFileType = text.plist.xml; path = Info.plist; sourceTree = "<group>"; };
		D27BB9D11B36F4A900F8D902 /* AppDelegate.swift */ = {isa = PBXFileReference; lastKnownFileType = sourcecode.swift; path = AppDelegate.swift; sourceTree = "<group>"; };
		D27BB9D31B36F4A900F8D902 /* ViewController.swift */ = {isa = PBXFileReference; lastKnownFileType = sourcecode.swift; path = ViewController.swift; sourceTree = "<group>"; };
		D27BB9D81B36F4A900F8D902 /* Images.xcassets */ = {isa = PBXFileReference; lastKnownFileType = folder.assetcatalog; path = Images.xcassets; sourceTree = "<group>"; };
		D27BB9E11B36F4A900F8D902 /* KarutaTests.xctest */ = {isa = PBXFileReference; explicitFileType = wrapper.cfbundle; includeInIndex = 0; path = KarutaTests.xctest; sourceTree = BUILT_PRODUCTS_DIR; };
		D27BB9E61B36F4A900F8D902 /* Info.plist */ = {isa = PBXFileReference; lastKnownFileType = text.plist.xml; path = Info.plist; sourceTree = "<group>"; };
		D27BB9E71B36F4A900F8D902 /* KarutaTests.swift */ = {isa = PBXFileReference; lastKnownFileType = sourcecode.swift; path = KarutaTests.swift; sourceTree = "<group>"; };
/* End PBXFileReference section */

/* Begin PBXFrameworksBuildPhase section */
		D27BB9C91B36F4A900F8D902 /* Frameworks */ = {
			isa = PBXFrameworksBuildPhase;
			buildActionMask = 2147483647;
			files = (
			);
			runOnlyForDeploymentPostprocessing = 0;
		};
		D27BB9DE1B36F4A900F8D902 /* Frameworks */ = {
			isa = PBXFrameworksBuildPhase;
			buildActionMask = 2147483647;
			files = (
			);
			runOnlyForDeploymentPostprocessing = 0;
		};
/* End PBXFrameworksBuildPhase section */

/* Begin PBXGroup section */
		D27BB9C31B36F4A900F8D902 = {
			isa = PBXGroup;
			children = (
				D27BB9CE1B36F4A900F8D902 /* Karuta */,
				D27BB9E41B36F4A900F8D902 /* KarutaTests */,
				D27BB9CD1B36F4A900F8D902 /* Products */,
			);
			sourceTree = "<group>";
		};
		D27BB9CD1B36F4A900F8D902 /* Products */ = {
			isa = PBXGroup;
			children = (
				D27BB9CC1B36F4A900F8D902 /* Karuta.app */,
				D27BB9E11B36F4A900F8D902 /* KarutaTests.xctest */,
			);
			name = Products;
			sourceTree = "<group>";
		};
		D27BB9CE1B36F4A900F8D902 /* Karuta */ = {
			isa = PBXGroup;
			children = (
				D27BB9D11B36F4A900F8D902 /* AppDelegate.swift */,
				D27BB9D31B36F4A900F8D902 /* ViewController.swift */,
				D27BB9D81B36F4A900F8D902 /* Images.xcassets */,
				D27BB9CF1B36F4A900F8D902 /* Supporting Files */,
			);
			path = Karuta;
			sourceTree = "<group>";
		};
		D27BB9CF1B36F4A900F8D902 /* Supporting Files */ = {
			isa = PBXGroup;
			children = (
				D27BB9D01B36F4A900F8D902 /* Info.plist */,
			);
			name = "Supporting Files";
			sourceTree = "<group>";
		};
		D27BB9E41B36F4A900F8D902 /* KarutaTests */ = {
			isa = PBXGroup;
			children = (
				D27BB9E71B36F4A900F8D902 /* KarutaTests.swift */,
				D27BB9E51B36F4A900F8D902 /* Supporting Files */,
			);
			path = KarutaTests;
			sourceTree = "<group>";
		};
		D27BB9E51B36F4A900F8D902 /* Supporting Files */ = {
			isa = PBXGroup;
			children = (
				D27BB9E61B36F4A900F8D902 /* Info.plist */,
			);
			name = "Supporting Files";
			sourceTree = "<group>";
		};
/* End PBXGroup section */

/* Begin PBXNativeTarget section */
		D27BB9CB1B36F4A900F8D902 /* Karuta */ = {
			isa = PBXNativeTarget;
			buildConfigurationList = D27BB9EB1B36F4A900F8D902 /* Build configuration list for PBXNativeTarget "Karuta" */;
			buildPhases = (
				D27BB9C81B36F4A900F8D902 /* Sources */,
				D27BB9C91B36F4A900F8D902 /* Frameworks */,
				D27BB9CA1B36F4A900F8D902 /* Resources */,
			);
			buildRules = (
			);
			dependencies = (
			);
			name = Karuta;
			productName = Karuta;
			productReference = D27BB9CC1B36F4A900F8D902 /* Karuta.app */;
			productType = "com.apple.product-type.application";
		};
		D27BB9E01B36F4A900F8D902 /* KarutaTests */ = {
			isa = PBXNativeTarget;
			buildConfigurationList = D27BB9EE1B36F4A900F8D902 /* Build configuration list for PBXNativeTarget "KarutaTests" */;
			buildPhases = (
				D27BB9DD1B36F4A900F8D902 /* Sources */,
				D27BB9DE1B36F4A900F8D902 /* Frameworks */,
				D27BB9DF1B36F4A900F8D902 /* Resources */,
			);
			buildRules = (
			);
			dependencies = (
				D27BB9E31B36F4A900F8D902 /* PBXTargetDependency */,
			);
			name = KarutaTests;
			productName = KarutaTests;
			productReference = D27BB9E11B36F4A900F8D902 /* KarutaTests.xctest */;
			productType = "com.apple.product-type.bundle.unit-test";
		};
/* End PBXNativeTarget section */

/* Begin PBXProject section */
		D27BB9C41B36F4A900F8D902 /* Project object */ = {
			isa = PBXProject;
			attributes = {
				LastUpgradeCheck = 0630;
				ORGANIZATIONNAME = Karuta;
				TargetAttributes = {
					D27BB9CB1B36F4A900F8D902 = {
						CreatedOnToolsVersion = 6.3.1;
					};
					D27BB9E01B36F4A900F8D902 = {
						CreatedOnToolsVersion = 6.3.1;
						TestTargetID = D27BB9CB1B36F4A900F8D902;
					};
				};
			};
			buildConfigurationList = D27BB9C71B36F4A900F8D902 /* Build configuration list for PBXProject "Karuta" */;
			compatibilityVersion = "Xcode 3.2";
			developmentRegion = English;
			hasScannedForEncodings = 0;
			knownRegions = (
				en,
				Base,
			);
			mainGroup = D27BB9C31B36F4A900F8D902;
			productRefGroup = D27BB9CD1B36F4A900F8D902 /* Products */;
			projectDirPath = "";
			projectRoot = "";
			targets = (
				D27BB9CB1B36F4A900F8D902 /* Karuta */,
				D27BB9E01B36F4A900F8D902 /* KarutaTests */,
			);
		};
/* End PBXProject section */

/* Begin PBXResourcesBuildPhase section */
		D27BB9CA1B36F4A900F8D902 /* Resources */ = {
			isa = PBXResourcesBuildPhase;
			buildActionMask = 2147483647;
			files = (
				D27BB9D91B36F4A900F8D902 /* Images.xcassets in Resources */,
			);
			runOnlyForDeploymentPostprocessing = 0;
		};
		D27BB9DF1B36F4A900F8D902 /* Resources */ = {
			isa = PBXResourcesBuildPhase;
			buildActionMask = 2147483647;
			files = (
			);
			runOnlyForDeploymentPostprocessing = 0;
		};
/* End PBXResourcesBuildPhase section */

/* Begin PBXSourcesBuildPhase section */
		D27BB9C81B36F4A900F8D902 /* Sources */ = {
			isa = PBXSourcesBuildPhase;
			buildActionMask = 2147483647;
			files = (
				D27BB9D41B36F4A900F8D902 /* ViewController.swift in Sources */,
				D27BB9D21B36F4A900F8D902 /* AppDelegate.swift in Sources */,
			);
			runOnlyForDeploymentPostprocessing = 0;
		};
		D27BB9DD1B36F4A900F8D902 /* Sources */ = {
			isa = PBXSourcesBuildPhase;
			buildActionMask = 2147483647;
			files = (
				D27BB9E81B36F4A900F8D902 /* KarutaTests.swift in Sources */,
			);
			runOnlyForDeploymentPostprocessing = 0;
		};
/* End PBXSourcesBuildPhase section */

/* Begin PBXTargetDependency section */
		D27BB9E31B36F4A900F8D902 /* PBXTargetDependency */ = {
			isa = PBXTargetDependency;
			target = D27BB9CB1B36F4A900F8D902 /* Karuta */;
			targetProxy = D27BB9E21B36F4A900F8D902 /* PBXContainerItemProxy */;
		};
/* End PBXTargetDependency section */

/* Begin XCBuildConfiguration section */
		D27BB9E91B36F4A900F8D902 /* Debug */ = {
			isa = XCBuildConfiguration;
			buildSettings = {
				ALWAYS_SEARCH_USER_PATHS = NO;
				CLANG_CXX_LANGUAGE_STANDARD = "gnu++0x";
				CLANG_CXX_LIBRARY = "libc++";
				CLANG_ENABLE_MODULES = YES;
				CLANG_ENABLE_OBJC_ARC = YES;
				CLANG_WARN_BOOL_CONVERSION = YES;
				CLANG_WARN_CONSTANT_CONVERSION = YES;
				CLANG_WARN_DIRECT_OBJC_ISA_USAGE = YES_ERROR;
				CLANG_WARN_EMPTY_BODY = YES;
				CLANG_WARN_ENUM_CONVERSION = YES;
				CLANG_WARN_INT_CONVERSION = YES;
				CLANG_WARN_OBJC_ROOT_CLASS = YES_ERROR;
				CLANG_WARN_UNREACHABLE_CODE = YES;
				CLANG_WARN__DUPLICATE_METHOD_MATCH = YES;
				"CODE_SIGN_IDENTITY[sdk=iphoneos*]" = "iPhone Developer";
				COPY_PHASE_STRIP = NO;
				DEBUG_INFORMATION_FORMAT = "dwarf-with-dsym";
				ENABLE_STRICT_OBJC_MSGSEND = YES;
				GCC_C_LANGUAGE_STANDARD = gnu99;
				GCC_DYNAMIC_NO_PIC = NO;
				GCC_NO_COMMON_BLOCKS = YES;
				GCC_OPTIMIZATION_LEVEL = 0;
				GCC_PREPROCESSOR_DEFINITIONS = (
					"DEBUG=1",
					"$(inherited)",
				);
				GCC_SYMBOLS_PRIVATE_EXTERN = NO;
				GCC_WARN_64_TO_32_BIT_CONVERSION = YES;
				GCC_WARN_ABOUT_RETURN_TYPE = YES_ERROR;
				GCC_WARN_UNDECLARED_SELECTOR = YES;
				GCC_WARN_UNINITIALIZED_AUTOS = YES_AGGRESSIVE;
				GCC_WARN_UNUSED_FUNCTION = YES;
				GCC_WARN_UNUSED_VARIABLE = YES;
				IPHONEOS_DEPLOYMENT_TARGET = 8.3;
				MTL_ENABLE_DEBUG_INFO = YES;
				ONLY_ACTIVE_ARCH = YES;
				SDKROOT = iphoneos;
				SWIFT_OPTIMIZATION_LEVEL = "-Onone";
			};
			name = Debug;
		};
		D27BB9EA1B36F4A900F8D902 /* Release */ = {
			isa = XCBuildConfiguration;
			buildSettings = {
				ALWAYS_SEARCH_USER_PATHS = NO;
				CLANG_CXX_LANGUAGE_STANDARD = "gnu++0x";
				CLANG_CXX_LIBRARY = "libc++";
				CLANG_ENABLE_MODULES = YES;
				CLANG_ENABLE_OBJC_ARC = YES;
				CLANG_WARN_BOOL_CONVERSION = YES;
				CLANG_WARN_CONSTANT_CONVERSION = YES;
				CLANG_WARN_DIRECT_OBJC_ISA_USAGE = YES_ERROR;
				CLANG_WARN_EMPTY_BODY = YES;
				CLANG_WARN_ENUM_CONVERSION = YES;
				CLANG_WARN_INT_CONVERSION = YES;
				CLANG_WARN_OBJC_ROOT_CLASS = YES_ERROR;
				CLANG_WARN_UNREACHABLE_CODE = YES;
				CLANG_WARN__DUPLICATE_METHOD_MATCH = YES;
				"CODE_SIGN_IDENTITY[sdk=iphoneos*]" = "iPhone Developer";
				COPY_PHASE_STRIP = NO;
				DEBUG_INFORMATION_FORMAT = "dwarf-with-dsym";
				ENABLE_NS_ASSERTIONS = NO;
				ENABLE_STRICT_OBJC_MSGSEND = YES;
				GCC_C_LANGUAGE_STANDARD = gnu99;
				GCC_NO_COMMON_BLOCKS = YES;
				GCC_WARN_64_TO_32_BIT_CONVERSION = YES;
				GCC_WARN_ABOUT_RETURN_TYPE = YES_ERROR;
				GCC_WARN_UNDECLARED_SELECTOR = YES;
				GCC_WARN_UNINITIALIZED_AUTOS = YES_AGGRESSIVE;
				GCC_WARN_UNUSED_FUNCTION = YES;
				GCC_WARN_UNUSED_VARIABLE = YES;
				IPHONEOS_DEPLOYMENT_TARGET = 8.3;
				MTL_ENABLE_DEBUG_INFO = NO;
				SDKROOT = iphoneos;
				VALIDATE_PRODUCT = YES;
			};
			name = Release;
		};
		D27BB9EC1B36F4A900F8D902 /* Debug */ = {
			isa = XCBuildConfiguration;
			buildSettings = {
				ASSETCATALOG_COMPILER_APPICON_NAME = AppIcon;
				ASSETCATALOG_COMPILER_LAUNCHIMAGE_NAME = LaunchImage;
				INFOPLIST_FILE = Karuta/Info.plist;
				IPHONEOS_DEPLOYMENT_TARGET = 8.0;
				LD_RUNPATH_SEARCH_PATHS = "$(inherited) @executable_path/Frameworks";
				PRODUCT_NAME = "$(TARGET_NAME)";
			};
			name = Debug;
		};
		D27BB9ED1B36F4A900F8D902 /* Release */ = {
			isa = XCBuildConfiguration;
			buildSettings = {
				ASSETCATALOG_COMPILER_APPICON_NAME = AppIcon;
				ASSETCATALOG_COMPILER_LAUNCHIMAGE_NAME = LaunchImage;
				INFOPLIST_FILE = Karuta/Info.plist;
				IPHONEOS_DEPLOYMENT_TARGET = 8.0;
				LD_RUNPATH_SEARCH_PATHS = "$(inherited) @executable_path/Frameworks";
				PRODUCT_NAME = "$(TARGET_NAME)";
			};
			name = Release;
		};
		D27BB9EF1B36F4A900F8D902 /* Debug */ = {
			isa = XCBuildConfiguration;
			buildSettings = {
				BUNDLE_LOADER = "$(TEST_HOST)";
				FRAMEWORK_SEARCH_PATHS = (
					"$(SDKROOT)/Developer/Library/Frameworks",
					"$(inherited)",
				);
				GCC_PREPROCESSOR_DEFINITIONS = (
					"DEBUG=1",
					"$(inherited)",
				);
				INFOPLIST_FILE = KarutaTests/Info.plist;
				LD_RUNPATH_SEARCH_PATHS = "$(inherited) @executable_path/Frameworks @loader_path/Frameworks";
				PRODUCT_NAME = "$(TARGET_NAME)";
				TEST_HOST = "$(BUILT_PRODUCTS_DIR)/Karuta.app/Karuta";
			};
			name = Debug;
		};
		D27BB9F01B36F4A900F8D902 /* Release */ = {
			isa = XCBuildConfiguration;
			buildSettings = {
				BUNDLE_LOADER = "$(TEST_HOST)";
				FRAMEWORK_SEARCH_PATHS = (
					"$(SDKROOT)/Developer/Library/Frameworks",
					"$(inherited)",
				);
				INFOPLIST_FILE = KarutaTests/Info.plist;
				LD_RUNPATH_SEARCH_PATHS = "$(inherited) @executable_path/Frameworks @loader_path/Frameworks";
				PRODUCT_NAME = "$(TARGET_NAME)";
				TEST_HOST = "$(BUILT_PRODUCTS_DIR)/Karuta.app/Karuta";
			};
			name = Release;
		};
/* End XCBuildConfiguration section */

/* Begin XCConfigurationList section */
		D27BB9C71B36F4A900F8D902 /* Build configuration list for PBXProject "Karuta" */ = {
			isa = XCConfigurationList;
			buildConfigurations = (
				D27BB9E91B36F4A900F8D902 /* Debug */,
				D27BB9EA1B36F4A900F8D902 /* Release */,
			);
			defaultConfigurationIsVisible = 0;
			defaultConfigurationName = Release;
		};
		D27BB9EB1B36F4A900F8D902 /* Build configuration list for PBXNativeTarget "Karuta" */ = {
			isa = XCConfigurationList;
			buildConfigurations = (
				D27BB9EC1B36F4A900F8D902 /* Debug */,
				D27BB9ED1B36F4A900F8D902 /* Release */,
			);
			defaultConfigurationIsVisible = 0;
		};
		D27BB9EE1B36F4A900F8D902 /* Build configuration list for PBXNativeTarget "KarutaTests" */ = {
			isa = XCConfigurationList;
			buildConfigurations = (
				D27BB9EF1B36F4A900F8D902 /* Debug */,
				D27BB9F01B36F4A900F8D902 /* Release */,
			);
			defaultConfigurationIsVisible = 0;
		};
/* End XCConfigurationList section */
	};
	rootObject = D27BB9C41B36F4A900F8D902 /* Project object */;
}
